{
  "lockfile-version": 1,
  "manifest": {
    "version": 1,
    "install": {
      "poetry": {
        "pkg-path": "poetry"
      },
      "python3": {
        "pkg-path": "python3",
        "version": "^3.10"
      }
    },
    "hook": {
      "on-activate": "  # Autogenerated by Flox\n\n  # Setup a Python virtual environment\n\n  export POETRY_VIRTUALENVS_PATH=\"$FLOX_ENV_CACHE/poetry/virtualenvs\"\n\n  if [ -z \"$(poetry env info --path)\" ]; then\n    echo \"Creating poetry virtual environment in $POETRY_VIRTUALENVS_PATH\"\n    poetry lock --quiet\n  fi\n\n  # Quietly activate venv and install packages in a subshell so\n  # that the venv can be freshly activated in the profile section.\n  (\n    eval \"$(poetry env activate)\"\n    poetry install --quiet\n  )\n\n  # End autogenerated by Flox\n"
    },
    "profile": {
      "bash": "  # Autogenerated by Flox\n\n  echo \"Activating poetry virtual environment\" >&2\n  eval \"$(poetry env activate)\"\n\n  # End autogenerated by Flox\n",
      "zsh": "  # Autogenerated by Flox\n\n  echo \"Activating poetry virtual environment\" >&2\n  eval \"$(poetry env activate)\"\n\n  # End autogenerated by Flox\n",
      "fish": "  # Autogenerated by Flox\n\n  echo \"Activating poetry virtual environment\" >&2\n  eval (poetry env activate)\n\n  # End autogenerated by Flox\n",
      "tcsh": "  # Autogenerated by Flox\n\n  echo \"Activating poetry virtual environment\" >&2\n  eval \"`poetry env activate`\"\n\n  # End autogenerated by Flox\n"
    },
    "options": {}
  },
  "packages": [
    {
      "attr_path": "poetry",
      "broken": false,
      "derivation": "/nix/store/ilwp10vp84j400amskaw89wm90fb7h96-python3.13-poetry-2.2.1.drv",
      "description": "Python dependency management and packaging made easy",
      "install_id": "poetry",
      "license": "MIT",
      "locked_url": "https://github.com/flox/nixpkgs?rev=2d293cbfa5a793b4c50d17c05ef9e385b90edf6c",
      "name": "poetry-2.2.1",
      "pname": "poetry",
      "rev": "2d293cbfa5a793b4c50d17c05ef9e385b90edf6c",
      "rev_count": 904649,
      "rev_date": "2025-11-30T15:51:17Z",
      "scrape_date": "2025-12-02T02:54:25.904392Z",
      "stabilities": [
        "unstable"
      ],
      "unfree": false,
      "version": "2.2.1",
      "outputs_to_install": [
        "out"
      ],
      "outputs": {
        "dist": "/nix/store/4yfah728gxi2p5gmn5mb5civh5cd3pi7-python3.13-poetry-2.2.1-dist",
        "out": "/nix/store/sfsxq068qvwpq7vwb0743m7isk7mbhwv-python3.13-poetry-2.2.1"
      },
      "system": "aarch64-darwin",
      "group": "toplevel",
      "priority": 5
    },
    {
      "attr_path": "poetry",
      "broken": false,
      "derivation": "/nix/store/cp77nfi9a6wgdsxrypjf10rknamrvrbf-python3.13-poetry-2.2.1.drv",
      "description": "Python dependency management and packaging made easy",
      "install_id": "poetry",
      "license": "MIT",
      "locked_url": "https://github.com/flox/nixpkgs?rev=2d293cbfa5a793b4c50d17c05ef9e385b90edf6c",
      "name": "poetry-2.2.1",
      "pname": "poetry",
      "rev": "2d293cbfa5a793b4c50d17c05ef9e385b90edf6c",
      "rev_count": 904649,
      "rev_date": "2025-11-30T15:51:17Z",
      "scrape_date": "2025-12-02T03:03:25.401916Z",
      "stabilities": [
        "unstable"
      ],
      "unfree": false,
      "version": "2.2.1",
      "outputs_to_install": [
        "out"
      ],
      "outputs": {
        "dist": "/nix/store/jn3mq4ccbvpnhgiki3n9q2pl3wsllhzr-python3.13-poetry-2.2.1-dist",
        "out": "/nix/store/jaah5kv576z0i6sl8zcjxwnd1nf8xhqm-python3.13-poetry-2.2.1"
      },
      "system": "aarch64-linux",
      "group": "toplevel",
      "priority": 5
    },
    {
      "attr_path": "poetry",
      "broken": false,
      "derivation": "/nix/store/bnhqw2a23g3r2k53bknpxcmzh9x6vsmi-python3.13-poetry-2.2.1.drv",
      "description": "Python dependency management and packaging made easy",
      "install_id": "poetry",
      "license": "MIT",
      "locked_url": "https://github.com/flox/nixpkgs?rev=2d293cbfa5a793b4c50d17c05ef9e385b90edf6c",
      "name": "poetry-2.2.1",
      "pname": "poetry",
      "rev": "2d293cbfa5a793b4c50d17c05ef9e385b90edf6c",
      "rev_count": 904649,
      "rev_date": "2025-11-30T15:51:17Z",
      "scrape_date": "2025-12-02T03:12:36.358411Z",
      "stabilities": [
        "unstable"
      ],
      "unfree": false,
      "version": "2.2.1",
      "outputs_to_install": [
        "out"
      ],
      "outputs": {
        "dist": "/nix/store/w6ipm3dpg44xcfks78n2iqdg5mq51n4d-python3.13-poetry-2.2.1-dist",
        "out": "/nix/store/aj5kr9p7d7skbacqkk949yk1s9axxka2-python3.13-poetry-2.2.1"
      },
      "system": "x86_64-darwin",
      "group": "toplevel",
      "priority": 5
    },
    {
      "attr_path": "poetry",
      "broken": false,
      "derivation": "/nix/store/9w0vj1vilglii0v8rdyra66vzw6k524a-python3.13-poetry-2.2.1.drv",
      "description": "Python dependency management and packaging made easy",
      "install_id": "poetry",
      "license": "MIT",
      "locked_url": "https://github.com/flox/nixpkgs?rev=2d293cbfa5a793b4c50d17c05ef9e385b90edf6c",
      "name": "poetry-2.2.1",
      "pname": "poetry",
      "rev": "2d293cbfa5a793b4c50d17c05ef9e385b90edf6c",
      "rev_count": 904649,
      "rev_date": "2025-11-30T15:51:17Z",
      "scrape_date": "2025-12-02T03:21:38.327180Z",
      "stabilities": [
        "unstable"
      ],
      "unfree": false,
      "version": "2.2.1",
      "outputs_to_install": [
        "out"
      ],
      "outputs": {
        "dist": "/nix/store/mmhq14nsa1vqkw4rqr7lcbhvih3fm4nk-python3.13-poetry-2.2.1-dist",
        "out": "/nix/store/jgi0jzxlm08qk7vnx1w3wmhyn4cchf47-python3.13-poetry-2.2.1"
      },
      "system": "x86_64-linux",
      "group": "toplevel",
      "priority": 5
    },
    {
      "attr_path": "python3",
      "broken": false,
      "derivation": "/nix/store/6njqakbkci2h765gyj0q9rcmkfy38hya-python3-3.13.9.drv",
      "description": "High-level dynamically-typed programming language",
      "install_id": "python3",
      "license": "Python-2.0",
      "locked_url": "https://github.com/flox/nixpkgs?rev=2d293cbfa5a793b4c50d17c05ef9e385b90edf6c",
      "name": "python3-3.13.9",
      "pname": "python3",
      "rev": "2d293cbfa5a793b4c50d17c05ef9e385b90edf6c",
      "rev_count": 904649,
      "rev_date": "2025-11-30T15:51:17Z",
      "scrape_date": "2025-12-02T02:54:27.496408Z",
      "stabilities": [
        "unstable"
      ],
      "unfree": false,
      "version": "3.13.9",
      "outputs_to_install": [
        "out"
      ],
      "outputs": {
        "out": "/nix/store/xcjk9ill54kjk8mzgq6yydnx9015lidg-python3-3.13.9"
      },
      "system": "aarch64-darwin",
      "group": "toplevel",
      "priority": 5
    },
    {
      "attr_path": "python3",
      "broken": false,
      "derivation": "/nix/store/rvai2n2kh5hp0npd4vzkx5hnydjzz5q0-python3-3.13.9.drv",
      "description": "High-level dynamically-typed programming language",
      "install_id": "python3",
      "license": "Python-2.0",
      "locked_url": "https://github.com/flox/nixpkgs?rev=2d293cbfa5a793b4c50d17c05ef9e385b90edf6c",
      "name": "python3-3.13.9",
      "pname": "python3",
      "rev": "2d293cbfa5a793b4c50d17c05ef9e385b90edf6c",
      "rev_count": 904649,
      "rev_date": "2025-11-30T15:51:17Z",
      "scrape_date": "2025-12-02T03:03:27.934664Z",
      "stabilities": [
        "unstable"
      ],
      "unfree": false,
      "version": "3.13.9",
      "outputs_to_install": [
        "out"
      ],
      "outputs": {
        "debug": "/nix/store/zls66rgq3hk2i6xxf8cb8nx24b906jz2-python3-3.13.9-debug",
        "out": "/nix/store/zc0vzc0vp0amc9iqm3cd542bmim6vh09-python3-3.13.9"
      },
      "system": "aarch64-linux",
      "group": "toplevel",
      "priority": 5
    },
    {
      "attr_path": "python3",
      "broken": false,
      "derivation": "/nix/store/279kknx42xxmlgwc4fg87270f5qj87c1-python3-3.13.9.drv",
      "description": "High-level dynamically-typed programming language",
      "install_id": "python3",
      "license": "Python-2.0",
      "locked_url": "https://github.com/flox/nixpkgs?rev=2d293cbfa5a793b4c50d17c05ef9e385b90edf6c",
      "name": "python3-3.13.9",
      "pname": "python3",
      "rev": "2d293cbfa5a793b4c50d17c05ef9e385b90edf6c",
      "rev_count": 904649,
      "rev_date": "2025-11-30T15:51:17Z",
      "scrape_date": "2025-12-02T03:12:38.053490Z",
      "stabilities": [
        "unstable"
      ],
      "unfree": false,
      "version": "3.13.9",
      "outputs_to_install": [
        "out"
      ],
      "outputs": {
        "out": "/nix/store/84s01mzl74vh69aphpl3rf07pp49pkz0-python3-3.13.9"
      },
      "system": "x86_64-darwin",
      "group": "toplevel",
      "priority": 5
    },
    {
      "attr_path": "python3",
      "broken": false,
      "derivation": "/nix/store/81f6r9031fpmpv61kf8cq4p8b11xj2ks-python3-3.13.9.drv",
      "description": "High-level dynamically-typed programming language",
      "install_id": "python3",
      "license": "Python-2.0",
      "locked_url": "https://github.com/flox/nixpkgs?rev=2d293cbfa5a793b4c50d17c05ef9e385b90edf6c",
      "name": "python3-3.13.9",
      "pname": "python3",
      "rev": "2d293cbfa5a793b4c50d17c05ef9e385b90edf6c",
      "rev_count": 904649,
      "rev_date": "2025-11-30T15:51:17Z",
      "scrape_date": "2025-12-02T03:21:40.765419Z",
      "stabilities": [
        "unstable"
      ],
      "unfree": false,
      "version": "3.13.9",
      "outputs_to_install": [
        "out"
      ],
      "outputs": {
        "debug": "/nix/store/7x8mp12az19wzadrdhjvrp731m9m3lpb-python3-3.13.9-debug",
        "out": "/nix/store/3lll9y925zz9393sa59h653xik66srjb-python3-3.13.9"
      },
      "system": "x86_64-linux",
      "group": "toplevel",
      "priority": 5
    }
  ]
}
